
Microsoft Visual Studio Solution File, Format Version 12.00
# Visual Studio Version 17
VisualStudioVersion = 17.0.31919.166
MinimumVisualStudioVersion = 10.0.40219.1
Project("{FAE04EC0-301F-11D3-BF4B-00C04F79EFBC}") = "ProjetoElevador", "ProjetoElevador\ProjetoElevador.csproj", "{5DFD3CAD-4B14-4F2D-9431-209816C70748}"
EndProject
Global
	GlobalSection(SolutionConfigurationPlatforms) = preSolution
		Debug|Any CPU = Debug|Any CPU
		Release|Any CPU = Release|Any CPU
	EndGlobalSection
	GlobalSection(ProjectConfigurationPlatforms) = postSolution
		{5DFD3CAD-4B14-4F2D-9431-209816C70748}.Debug|Any CPU.ActiveCfg = Debug|Any CPU
		{5DFD3CAD-4B14-4F2D-9431-209816C70748}.Debug|Any CPU.Build.0 = Debug|Any CPU
		{5DFD3CAD-4B14-4F2D-9431-209816C70748}.Release|Any CPU.ActiveCfg = Release|Any CPU
		{5DFD3CAD-4B14-4F2D-9431-209816C70748}.Release|Any CPU.Build.0 = Release|Any CPU
	EndGlobalSection
	GlobalSection(SolutionProperties) = preSolution
		HideSolutionNode = FALSE
	EndGlobalSection
	GlobalSection(ExtensibilityGlobals) = postSolution
		SolutionGuid = {F7D245CF-7232-4E97-ACEB-553A098A5065}
	EndGlobalSection
EndGlobal
